<?xml version="1.0" encoding="utf-8"?>
<Project ToolsVersion="4.0" xmlns="http://schemas.microsoft.com/developer/msbuild/2003">
  <ItemGroup>
    <Filter Include="Source Files">
      <UniqueIdentifier>{4FC737F1-C7A5-4376-A066-2A32D752A2FF}</UniqueIdentifier>
      <Extensions>cpp;c;cc;cxx;def;odl;idl;hpj;bat;asm;asmx</Extensions>
    </Filter>
    <Filter Include="Header Files">
      <UniqueIdentifier>{93995380-89BD-4b04-88EB-625FBE52EBFB}</UniqueIdentifier>
      <Extensions>h;hh;hpp;hxx;hm;inl;inc;xsd</Extensions>
    </Filter>
    <Filter Include="Resource Files">
      <UniqueIdentifier>{67DA6AB6-F800-4c08-8B7A-83BB121AAD01}</UniqueIdentifier>
      <Extensions>rc;ico;cur;bmp;dlg;rc2;rct;bin;rgs;gif;jpg;jpeg;jpe;resx;tiff;tif;png;wav;mfcribbon-ms</Extensions>
    </Filter>
  </ItemGroup>
  <ItemGroup>
    <Text Include="ReadMe.txt" />
  </ItemGroup>
  <ItemGroup>
    <ClCompile Include="ConsoleError.cpp">
      <Filter>Source Files</Filter>
    </ClCompile>
    <ClCompile Include="XArchiGeoref.cpp">
      <Filter>Source Files</Filter>
    </ClCompile>
    <ClCompile Include="XArchiGeorefXML.cpp">
      <Filter>Source Files</Filter>
    </ClCompile>
    <ClCompile Include="XArchiXMLBaseTools.cpp">
      <Filter>Source Files</Filter>
    </ClCompile>
    <ClCompile Include="XArchiXMLTools.cpp">
      <Filter>Source Files</Filter>
    </ClCompile>
    <ClCompile Include="XErrorTxt.cpp">
      <Filter>Source Files</Filter>
    </ClCompile>
    <ClCompile Include="XErrorXml.cpp">
      <Filter>Source Files</Filter>
    </ClCompile>
    <ClCompile Include="XFileTxtReader.cpp">
      <Filter>Source Files</Filter>
    </ClCompile>
    <ClCompile Include="XFrame.cpp">
      <Filter>Source Files</Filter>
    </ClCompile>
    <ClCompile Include="XImageLoader.cpp">
      <Filter>Source Files</Filter>
    </ClCompile>
    <ClCompile Include="XImageTiffLoader.cpp">
      <Filter>Source Files</Filter>
    </ClCompile>
    <ClCompile Include="XMat3D.cpp">
      <Filter>Source Files</Filter>
    </ClCompile>
    <ClCompile Include="XPath.cpp">
      <Filter>Source Files</Filter>
    </ClCompile>
    <ClCompile Include="XPt2D.cpp">
      <Filter>Source Files</Filter>
    </ClCompile>
    <ClCompile Include="XPt3D.cpp">
      <Filter>Source Files</Filter>
    </ClCompile>
    <ClCompile Include="XQuaternion.cpp">
      <Filter>Source Files</Filter>
    </ClCompile>
    <ClCompile Include="XRawImage.cpp">
      <Filter>Source Files</Filter>
    </ClCompile>
    <ClCompile Include="XRect.cpp">
      <Filter>Source Files</Filter>
    </ClCompile>
    <ClCompile Include="XSensor.cpp">
      <Filter>Source Files</Filter>
    </ClCompile>
    <ClCompile Include="XSensorXML.cpp">
      <Filter>Source Files</Filter>
    </ClCompile>
    <ClCompile Include="XStringTools.cpp">
      <Filter>Source Files</Filter>
    </ClCompile>
    <ClCompile Include="XSystemInfo.cpp">
      <Filter>Source Files</Filter>
    </ClCompile>
    <ClCompile Include="XImage.cpp">
      <Filter>Source Files</Filter>
    </ClCompile>
  </ItemGroup>
  <ItemGroup>
    <ClInclude Include="ConsoleError.h">
      <Filter>Header Files</Filter>
    </ClInclude>
    <ClInclude Include="XArchiGeoref.h">
      <Filter>Header Files</Filter>
    </ClInclude>
    <ClInclude Include="XArchiGeorefXML.h">
      <Filter>Header Files</Filter>
    </ClInclude>
    <ClInclude Include="XArchiXMLBaseTools.h">
      <Filter>Header Files</Filter>
    </ClInclude>
    <ClInclude Include="XArchiXMLException.h">
      <Filter>Header Files</Filter>
    </ClInclude>
    <ClInclude Include="XArchiXMLTools.h">
      <Filter>Header Files</Filter>
    </ClInclude>
    <ClInclude Include="XBase.h">
      <Filter>Header Files</Filter>
    </ClInclude>
    <ClInclude Include="XError.h">
      <Filter>Header Files</Filter>
    </ClInclude>
    <ClInclude Include="XErrorConsole.h">
      <Filter>Header Files</Filter>
    </ClInclude>
    <ClInclude Include="XErrorTxt.h">
      <Filter>Header Files</Filter>
    </ClInclude>
    <ClInclude Include="xerrorxml.h">
      <Filter>Header Files</Filter>
    </ClInclude>
    <ClInclude Include="XFileTxtReader.h">
      <Filter>Header Files</Filter>
    </ClInclude>
    <ClInclude Include="XFrame.h">
      <Filter>Header Files</Filter>
    </ClInclude>
    <ClInclude Include="XImageLoader.h">
      <Filter>Header Files</Filter>
    </ClInclude>
    <ClInclude Include="XImageTiffLoader.h">
      <Filter>Header Files</Filter>
    </ClInclude>
    <ClInclude Include="XMat3D.h">
      <Filter>Header Files</Filter>
    </ClInclude>
    <ClInclude Include="XPath.h">
      <Filter>Header Files</Filter>
    </ClInclude>
    <ClInclude Include="XPt2D.h">
      <Filter>Header Files</Filter>
    </ClInclude>
    <ClInclude Include="XPt3D.h">
      <Filter>Header Files</Filter>
    </ClInclude>
    <ClInclude Include="XQuaternion.h">
      <Filter>Header Files</Filter>
    </ClInclude>
    <ClInclude Include="XRawImage.h">
      <Filter>Header Files</Filter>
    </ClInclude>
    <ClInclude Include="XRect.h">
      <Filter>Header Files</Filter>
    </ClInclude>
    <ClInclude Include="XSensor.h">
      <Filter>Header Files</Filter>
    </ClInclude>
    <ClInclude Include="XSensorXML.h">
      <Filter>Header Files</Filter>
    </ClInclude>
    <ClInclude Include="XStringTools.h">
      <Filter>Header Files</Filter>
    </ClInclude>
    <ClInclude Include="XSystemInfo.h">
      <Filter>Header Files</Filter>
    </ClInclude>
    <ClInclude Include="XImage.h">
      <Filter>Header Files</Filter>
    </ClInclude>
    <ClInclude Include="XInterpol.h">
      <Filter>Header Files</Filter>
    </ClInclude>
  </ItemGroup>
</Project>