
Microsoft Visual Studio Solution File, Format Version 12.00
# Visual Studio 2013
VisualStudioVersion = 12.0.31101.0
MinimumVisualStudioVersion = 10.0.40219.1
Project("{8BC9CEB8-8B4A-11D0-8D11-00A0C91BC942}") = "TestLibOrthoLaser", "TestLibOrthoLaser.vcxproj", "{6CBD3F59-98AD-483F-937A-5285CD762DFB}"
EndProject
Project("{8BC9CEB8-8B4A-11D0-8D11-00A0C91BC942}") = "libXOrthoLaser", "..\libXOrthoLaser\libXOrthoLaser.vcxproj", "{8F9B05EA-5BE1-4A3E-A7DB-5330A8C6C7B2}"
EndProject
Project("{8BC9CEB8-8B4A-11D0-8D11-00A0C91BC942}") = "LibXTools", "..\libXTools\LibXTools.vcxproj", "{734B49A7-784E-418B-8E38-917369D59350}"
EndProject
Global
	GlobalSection(SolutionConfigurationPlatforms) = preSolution
		Debug|Win32 = Debug|Win32
		Release|Win32 = Release|Win32
	EndGlobalSection
	GlobalSection(ProjectConfigurationPlatforms) = postSolution
		{6CBD3F59-98AD-483F-937A-5285CD762DFB}.Debug|Win32.ActiveCfg = Debug|Win32
		{6CBD3F59-98AD-483F-937A-5285CD762DFB}.Debug|Win32.Build.0 = Debug|Win32
		{6CBD3F59-98AD-483F-937A-5285CD762DFB}.Release|Win32.ActiveCfg = Release|Win32
		{6CBD3F59-98AD-483F-937A-5285CD762DFB}.Release|Win32.Build.0 = Release|Win32
		{8F9B05EA-5BE1-4A3E-A7DB-5330A8C6C7B2}.Debug|Win32.ActiveCfg = Debug|Win32
		{8F9B05EA-5BE1-4A3E-A7DB-5330A8C6C7B2}.Debug|Win32.Build.0 = Debug|Win32
		{8F9B05EA-5BE1-4A3E-A7DB-5330A8C6C7B2}.Release|Win32.ActiveCfg = Release|Win32
		{8F9B05EA-5BE1-4A3E-A7DB-5330A8C6C7B2}.Release|Win32.Build.0 = Release|Win32
		{734B49A7-784E-418B-8E38-917369D59350}.Debug|Win32.ActiveCfg = Debug|Win32
		{734B49A7-784E-418B-8E38-917369D59350}.Debug|Win32.Build.0 = Debug|Win32
		{734B49A7-784E-418B-8E38-917369D59350}.Release|Win32.ActiveCfg = Release|Win32
		{734B49A7-784E-418B-8E38-917369D59350}.Release|Win32.Build.0 = Release|Win32
	EndGlobalSection
	GlobalSection(SolutionProperties) = preSolution
		HideSolutionNode = FALSE
	EndGlobalSection
EndGlobal
